
Microsoft Visual Studio Solution File, Format Version 12.00
# Visual Studio Version 16
VisualStudioVersion = 16.0.31911.196
MinimumVisualStudioVersion = 10.0.40219.1
Project("{FAE04EC0-301F-11D3-BF4B-00C04F79EFBC}") = "Abstract Toyota", "Abstract Toyota\Abstract Toyota.csproj", "{D1EC7F4E-929B-40AD-81B8-2C2165794FF5}"
EndProject
Global
	GlobalSection(SolutionConfigurationPlatforms) = preSolution
		Debug|Any CPU = Debug|Any CPU
		Release|Any CPU = Release|Any CPU
	EndGlobalSection
	GlobalSection(ProjectConfigurationPlatforms) = postSolution
		{D1EC7F4E-929B-40AD-81B8-2C2165794FF5}.Debug|Any CPU.ActiveCfg = Debug|Any CPU
		{D1EC7F4E-929B-40AD-81B8-2C2165794FF5}.Debug|Any CPU.Build.0 = Debug|Any CPU
		{D1EC7F4E-929B-40AD-81B8-2C2165794FF5}.Release|Any CPU.ActiveCfg = Release|Any CPU
		{D1EC7F4E-929B-40AD-81B8-2C2165794FF5}.Release|Any CPU.Build.0 = Release|Any CPU
	EndGlobalSection
	GlobalSection(SolutionProperties) = preSolution
		HideSolutionNode = FALSE
	EndGlobalSection
	GlobalSection(ExtensibilityGlobals) = postSolution
		SolutionGuid = {FB112F16-F00C-4B93-9EB1-3EBBFD186A8A}
	EndGlobalSection
EndGlobal
